{
  "name": "@anderjason/geometry",
  "version": "1.0.0",
  "lockfileVersion": 1,
  "requires": true,
  "dependencies": {
    "@anderjason/tests": {
      "version": "1.0.0",
      "resolved": "https://registry.npmjs.org/@anderjason/tests/-/tests-1.0.0.tgz",
      "integrity": "sha512-IXyEyI9rWybaCGZdIforLpaiOFr5fOJhCq3z6wDCHs4KHcPewkIwGdeAafpz/Uif2Cjy3sx/YAt0Ae97WI9NKg==",
      "requires": {
        "typescript": "^4.0.2"
      }
    },
    "@anderjason/util": {
      "version": "1.0.0",
      "resolved": "https://registry.npmjs.org/@anderjason/util/-/util-1.0.0.tgz",
      "integrity": "sha512-LAcLA81Jb9saSMh/Rl1+uqEnAjSL82lJiZTV5Xc6ZOm+9tXYu+/9coF9JnJJG/B85+Be0ad3zA0RwueAVg/daw==",
      "requires": {
        "@anderjason/tests": "^1.0.0",
        "typescript": "^4.0.2"
      }
    },
    "typescript": {
      "version": "4.0.2",
      "resolved": "https://registry.npmjs.org/typescript/-/typescript-4.0.2.tgz",
      "integrity": "sha512-e4ERvRV2wb+rRZ/IQeb3jm2VxBsirQLpQhdxplZ2MEzGvDkkMmPglecnNDfSUBivMjP93vRbngYYDQqQ/78bcQ=="
    }
  }
}
